
Microsoft Visual Studio Solution File, Format Version 12.00
# Visual Studio 15
VisualStudioVersion = 15.0.28307.1209
MinimumVisualStudioVersion = 10.0.40219.1
Project("{8BC9CEB8-8B4A-11D0-8D11-00A0C91BC942}") = "1 hello world.cpp", "1 hello world.cpp\1 hello world.cpp.vcxproj", "{A3D22EE2-43E9-47AD-9926-82D20B121DC5}"
EndProject
Project("{8BC9CEB8-8B4A-11D0-8D11-00A0C91BC942}") = "2 命令空间", "2 命令空间\2 命令空间.vcxproj", "{7C4B780B-00B0-4F10-90F9-B78451863A4C}"
EndProject
Project("{8BC9CEB8-8B4A-11D0-8D11-00A0C91BC942}") = "3 命名空间的定义", "3 命名空间的定义\3 命名空间的定义.vcxproj", "{8988BF2F-4C76-459B-B47E-16CB414DCBB2}"
EndProject
Project("{8BC9CEB8-8B4A-11D0-8D11-00A0C91BC942}") = "4 C++语言增强的地方", "4 C++语言增强的地方\4 C++语言增强的地方.vcxproj", "{8D56558B-F2DF-448E-8811-3C95FEEAFD7F}"
EndProject
Project("{8BC9CEB8-8B4A-11D0-8D11-00A0C91BC942}") = "5 C语言被增强的部分", "5 C语言被增强的部分\5 C语言被增强的部分.vcxproj", "{B9B3A6D9-876E-4F5F-B343-C67128D2963D}"
EndProject
Project("{8BC9CEB8-8B4A-11D0-8D11-00A0C91BC942}") = "6 引用的基本语法", "6 引用的基本语法\6 引用的基本语法.vcxproj", "{850559CF-C0F0-4D1A-A4FC-A78CD68B68CA}"
EndProject
Project("{8BC9CEB8-8B4A-11D0-8D11-00A0C91BC942}") = "7 引用作为函数参数", "7 引用作为函数参数\7 引用作为函数参数.vcxproj", "{93C97750-A7ED-43E3-9AFB-370DBE73498B}"
EndProject
Project("{8BC9CEB8-8B4A-11D0-8D11-00A0C91BC942}") = "8 引用的本质", "8 引用的本质\8 引用的本质.vcxproj", "{FD62AA64-8255-4EB4-828F-3F2C7DFC3719}"
EndProject
Project("{8BC9CEB8-8B4A-11D0-8D11-00A0C91BC942}") = "9 引用作为函数的返回值", "9 引用作为函数的返回值\9 引用作为函数的返回值.vcxproj", "{7C9F4411-F3F4-41F5-ACD2-59CFE16B65D8}"
EndProject
Project("{8BC9CEB8-8B4A-11D0-8D11-00A0C91BC942}") = "10 指针引用", "10 指针引用\10 指针引用.vcxproj", "{0ADDEDC3-27D1-48CF-BF60-5053EAD3FD6A}"
EndProject
Project("{8BC9CEB8-8B4A-11D0-8D11-00A0C91BC942}") = "11 const引用", "11 const引用\11 const引用.vcxproj", "{F66969E5-D511-4AF2-98C1-66FFF80C4DA6}"
EndProject
Project("{8BC9CEB8-8B4A-11D0-8D11-00A0C91BC942}") = "12 内联函数", "12 内联函数\12 内联函数.vcxproj", "{33A7BC3F-5B41-4F44-8100-F86BDE80A339}"
EndProject
Project("{8BC9CEB8-8B4A-11D0-8D11-00A0C91BC942}") = "13 默认参数和占位参数", "13 默认参数和占位参数\13 默认参数和占位参数.vcxproj", "{A5C44EDA-8711-4B30-8E28-AD6086D49E39}"
EndProject
Project("{8BC9CEB8-8B4A-11D0-8D11-00A0C91BC942}") = "14 函数重载", "14 函数重载\14 函数重载.vcxproj", "{8B89D3D6-DC63-43F7-B643-5C3A83A938F3}"
EndProject
Project("{8BC9CEB8-8B4A-11D0-8D11-00A0C91BC942}") = "15 函数重载和函数指针", "15 函数重载和函数指针\15 函数重载和函数指针.vcxproj", "{E5DDF12F-D251-4BB8-8922-D886CF76CE07}"
EndProject
Project("{8BC9CEB8-8B4A-11D0-8D11-00A0C91BC942}") = "16 类和对象", "16 类和对象\16 类和对象.vcxproj", "{B85D4CDC-BE97-4C2C-BBFD-FC8FDBB3762D}"
EndProject
Project("{8BC9CEB8-8B4A-11D0-8D11-00A0C91BC942}") = "17 类和封装", "类和封装\类和封装.vcxproj", "{33DF290D-D614-4BAF-A139-CD66A0B3BBA2}"
EndProject
Project("{8BC9CEB8-8B4A-11D0-8D11-00A0C91BC942}") = "18 面向过程和面向对象", "18 面向过程和面向对象\18 面向过程和面向对象.vcxproj", "{277B59E2-0C3E-472B-ABED-1D918F0B0D9C}"
EndProject
Project("{8BC9CEB8-8B4A-11D0-8D11-00A0C91BC942}") = "19 求圆的周长和面积", "19 求圆的周长和面积\19 求圆的周长和面积.vcxproj", "{4C34AC97-DC5E-42D6-A509-EC31BD7546DE}"
EndProject
Project("{8BC9CEB8-8B4A-11D0-8D11-00A0C91BC942}") = "20 求圆的面积多文件", "20 求圆的面积多文件\20 求圆的面积多文件.vcxproj", "{255DD4D7-8851-4D7D-A92D-8F3C483BD753}"
EndProject
Project("{8BC9CEB8-8B4A-11D0-8D11-00A0C91BC942}") = "21 求立方体是否相等", "10 求立方体是否相等\10 求立方体是否相等.vcxproj", "{53A360A1-D804-4515-ADC5-828C84BC6088}"
EndProject
Project("{8BC9CEB8-8B4A-11D0-8D11-00A0C91BC942}") = "22 求点是否在圆内", "22 求点是否在圆内\22 求点是否在圆内.vcxproj", "{115F968E-153C-4E0B-97FE-666ABA0B17D2}"
EndProject
Project("{8BC9CEB8-8B4A-11D0-8D11-00A0C91BC942}") = "23 求点是否在圆的内部多文件", "23 求点是否在圆的内部多文件\23 求点是否在圆的内部多文件.vcxproj", "{668720B5-E92F-415C-ACA4-E0406955C261}"
EndProject
Project("{8BC9CEB8-8B4A-11D0-8D11-00A0C91BC942}") = "24 判断两个圆是否相交", "24 判断两个圆是否相交\24 判断两个圆是否相交.vcxproj", "{F7C10285-3079-4B0A-8BA7-37494A5BC5F8}"
EndProject
Project("{8BC9CEB8-8B4A-11D0-8D11-00A0C91BC942}") = "25 构造与析构函数", "25 析构函数\25 析构函数.vcxproj", "{C4F8BC91-318D-4308-9302-B51C22D320C6}"
EndProject
Project("{8BC9CEB8-8B4A-11D0-8D11-00A0C91BC942}") = "26 默认的无参构造函数和析构函数", "26 默认的无参构造函数和析构函数\26 默认的无参构造函数和析构函数.vcxproj", "{F4466C57-9F43-4565-9F0B-96DAE2E8A532}"
EndProject
Project("{8BC9CEB8-8B4A-11D0-8D11-00A0C91BC942}") = "27 拷贝构造函数", "27 拷贝构造函数\27 拷贝构造函数.vcxproj", "{8A26AF91-E553-47C7-870C-1C13BED98064}"
EndProject
Project("{8BC9CEB8-8B4A-11D0-8D11-00A0C91BC942}") = "28 默认的拷贝构造函数", "28 默认的拷贝构造函数\28 默认的拷贝构造函数.vcxproj", "{277930D5-30E9-4558-9E1A-5FC62C105C74}"
EndProject
Project("{8BC9CEB8-8B4A-11D0-8D11-00A0C91BC942}") = "29 拷贝构造函数的应用场景", "29 拷贝构造函数的应用场景\29 拷贝构造函数的应用场景.vcxproj", "{67F0C861-FCA2-44C1-B703-53A2B36ECA3B}"
EndProject
Project("{8BC9CEB8-8B4A-11D0-8D11-00A0C91BC942}") = "30 深拷贝与浅拷贝", "30 深拷贝与浅拷贝\30 深拷贝与浅拷贝.vcxproj", "{CB6D9E30-FFD0-458D-A3A3-3C4B4474E104}"
EndProject
Project("{8BC9CEB8-8B4A-11D0-8D11-00A0C91BC942}") = "31 构造函数的初始化列表", "31 构造函数的初始化列表\31 构造函数的初始化列表.vcxproj", "{8D10699E-C76B-4BA4-BF93-5783076C8943}"
EndProject
Project("{8BC9CEB8-8B4A-11D0-8D11-00A0C91BC942}") = "32 强化练习", "32 强化练习\32 强化练习.vcxproj", "{052435E1-7969-4143-88C6-92BCDA00FF00}"
EndProject
Project("{8BC9CEB8-8B4A-11D0-8D11-00A0C91BC942}") = "33 强化练习2", "33 强化练习2\33 强化练习2.vcxproj", "{27A1A111-6997-4A46-9A28-B2F309F4D7AB}"
EndProject
Project("{8BC9CEB8-8B4A-11D0-8D11-00A0C91BC942}") = "34 new和delete", "34 new和delete\34 new和delete.vcxproj", "{B9957185-AA64-41BF-B96F-B922F7E20B94}"
EndProject
Project("{8BC9CEB8-8B4A-11D0-8D11-00A0C91BC942}") = "35 static成员变量", "35 static成员变量\35 static成员变量.vcxproj", "{93A98952-7363-4727-AE43-D6375048A4E5}"
EndProject
Project("{8BC9CEB8-8B4A-11D0-8D11-00A0C91BC942}") = "36 静态成员变量的练习", "36 静态成员变量的练习\36 静态成员变量的练习.vcxproj", "{0022108A-6906-4EE2-88AA-D45056E69450}"
EndProject
Project("{8BC9CEB8-8B4A-11D0-8D11-00A0C91BC942}") = "37 静态成员变量的练习2", "37 静态成员变量的练习2\37 静态成员变量的练习2.vcxproj", "{0710480F-7028-460B-90D4-351D87102678}"
EndProject
Global
	GlobalSection(SolutionConfigurationPlatforms) = preSolution
		Debug|x64 = Debug|x64
		Debug|x86 = Debug|x86
		Release|x64 = Release|x64
		Release|x86 = Release|x86
	EndGlobalSection
	GlobalSection(ProjectConfigurationPlatforms) = postSolution
		{A3D22EE2-43E9-47AD-9926-82D20B121DC5}.Debug|x64.ActiveCfg = Debug|x64
		{A3D22EE2-43E9-47AD-9926-82D20B121DC5}.Debug|x64.Build.0 = Debug|x64
		{A3D22EE2-43E9-47AD-9926-82D20B121DC5}.Debug|x86.ActiveCfg = Debug|Win32
		{A3D22EE2-43E9-47AD-9926-82D20B121DC5}.Debug|x86.Build.0 = Debug|Win32
		{A3D22EE2-43E9-47AD-9926-82D20B121DC5}.Release|x64.ActiveCfg = Release|x64
		{A3D22EE2-43E9-47AD-9926-82D20B121DC5}.Release|x64.Build.0 = Release|x64
		{A3D22EE2-43E9-47AD-9926-82D20B121DC5}.Release|x86.ActiveCfg = Release|Win32
		{A3D22EE2-43E9-47AD-9926-82D20B121DC5}.Release|x86.Build.0 = Release|Win32
		{7C4B780B-00B0-4F10-90F9-B78451863A4C}.Debug|x64.ActiveCfg = Debug|x64
		{7C4B780B-00B0-4F10-90F9-B78451863A4C}.Debug|x64.Build.0 = Debug|x64
		{7C4B780B-00B0-4F10-90F9-B78451863A4C}.Debug|x86.ActiveCfg = Debug|Win32
		{7C4B780B-00B0-4F10-90F9-B78451863A4C}.Debug|x86.Build.0 = Debug|Win32
		{7C4B780B-00B0-4F10-90F9-B78451863A4C}.Release|x64.ActiveCfg = Release|x64
		{7C4B780B-00B0-4F10-90F9-B78451863A4C}.Release|x64.Build.0 = Release|x64
		{7C4B780B-00B0-4F10-90F9-B78451863A4C}.Release|x86.ActiveCfg = Release|Win32
		{7C4B780B-00B0-4F10-90F9-B78451863A4C}.Release|x86.Build.0 = Release|Win32
		{8988BF2F-4C76-459B-B47E-16CB414DCBB2}.Debug|x64.ActiveCfg = Debug|x64
		{8988BF2F-4C76-459B-B47E-16CB414DCBB2}.Debug|x64.Build.0 = Debug|x64
		{8988BF2F-4C76-459B-B47E-16CB414DCBB2}.Debug|x86.ActiveCfg = Debug|Win32
		{8988BF2F-4C76-459B-B47E-16CB414DCBB2}.Debug|x86.Build.0 = Debug|Win32
		{8988BF2F-4C76-459B-B47E-16CB414DCBB2}.Release|x64.ActiveCfg = Release|x64
		{8988BF2F-4C76-459B-B47E-16CB414DCBB2}.Release|x64.Build.0 = Release|x64
		{8988BF2F-4C76-459B-B47E-16CB414DCBB2}.Release|x86.ActiveCfg = Release|Win32
		{8988BF2F-4C76-459B-B47E-16CB414DCBB2}.Release|x86.Build.0 = Release|Win32
		{8D56558B-F2DF-448E-8811-3C95FEEAFD7F}.Debug|x64.ActiveCfg = Debug|x64
		{8D56558B-F2DF-448E-8811-3C95FEEAFD7F}.Debug|x64.Build.0 = Debug|x64
		{8D56558B-F2DF-448E-8811-3C95FEEAFD7F}.Debug|x86.ActiveCfg = Debug|Win32
		{8D56558B-F2DF-448E-8811-3C95FEEAFD7F}.Debug|x86.Build.0 = Debug|Win32
		{8D56558B-F2DF-448E-8811-3C95FEEAFD7F}.Release|x64.ActiveCfg = Release|x64
		{8D56558B-F2DF-448E-8811-3C95FEEAFD7F}.Release|x64.Build.0 = Release|x64
		{8D56558B-F2DF-448E-8811-3C95FEEAFD7F}.Release|x86.ActiveCfg = Release|Win32
		{8D56558B-F2DF-448E-8811-3C95FEEAFD7F}.Release|x86.Build.0 = Release|Win32
		{B9B3A6D9-876E-4F5F-B343-C67128D2963D}.Debug|x64.ActiveCfg = Debug|x64
		{B9B3A6D9-876E-4F5F-B343-C67128D2963D}.Debug|x64.Build.0 = Debug|x64
		{B9B3A6D9-876E-4F5F-B343-C67128D2963D}.Debug|x86.ActiveCfg = Debug|Win32
		{B9B3A6D9-876E-4F5F-B343-C67128D2963D}.Debug|x86.Build.0 = Debug|Win32
		{B9B3A6D9-876E-4F5F-B343-C67128D2963D}.Release|x64.ActiveCfg = Release|x64
		{B9B3A6D9-876E-4F5F-B343-C67128D2963D}.Release|x64.Build.0 = Release|x64
		{B9B3A6D9-876E-4F5F-B343-C67128D2963D}.Release|x86.ActiveCfg = Release|Win32
		{B9B3A6D9-876E-4F5F-B343-C67128D2963D}.Release|x86.Build.0 = Release|Win32
		{850559CF-C0F0-4D1A-A4FC-A78CD68B68CA}.Debug|x64.ActiveCfg = Debug|x64
		{850559CF-C0F0-4D1A-A4FC-A78CD68B68CA}.Debug|x64.Build.0 = Debug|x64
		{850559CF-C0F0-4D1A-A4FC-A78CD68B68CA}.Debug|x86.ActiveCfg = Debug|Win32
		{850559CF-C0F0-4D1A-A4FC-A78CD68B68CA}.Debug|x86.Build.0 = Debug|Win32
		{850559CF-C0F0-4D1A-A4FC-A78CD68B68CA}.Release|x64.ActiveCfg = Release|x64
		{850559CF-C0F0-4D1A-A4FC-A78CD68B68CA}.Release|x64.Build.0 = Release|x64
		{850559CF-C0F0-4D1A-A4FC-A78CD68B68CA}.Release|x86.ActiveCfg = Release|Win32
		{850559CF-C0F0-4D1A-A4FC-A78CD68B68CA}.Release|x86.Build.0 = Release|Win32
		{93C97750-A7ED-43E3-9AFB-370DBE73498B}.Debug|x64.ActiveCfg = Debug|x64
		{93C97750-A7ED-43E3-9AFB-370DBE73498B}.Debug|x64.Build.0 = Debug|x64
		{93C97750-A7ED-43E3-9AFB-370DBE73498B}.Debug|x86.ActiveCfg = Debug|Win32
		{93C97750-A7ED-43E3-9AFB-370DBE73498B}.Debug|x86.Build.0 = Debug|Win32
		{93C97750-A7ED-43E3-9AFB-370DBE73498B}.Release|x64.ActiveCfg = Release|x64
		{93C97750-A7ED-43E3-9AFB-370DBE73498B}.Release|x64.Build.0 = Release|x64
		{93C97750-A7ED-43E3-9AFB-370DBE73498B}.Release|x86.ActiveCfg = Release|Win32
		{93C97750-A7ED-43E3-9AFB-370DBE73498B}.Release|x86.Build.0 = Release|Win32
		{FD62AA64-8255-4EB4-828F-3F2C7DFC3719}.Debug|x64.ActiveCfg = Debug|x64
		{FD62AA64-8255-4EB4-828F-3F2C7DFC3719}.Debug|x64.Build.0 = Debug|x64
		{FD62AA64-8255-4EB4-828F-3F2C7DFC3719}.Debug|x86.ActiveCfg = Debug|Win32
		{FD62AA64-8255-4EB4-828F-3F2C7DFC3719}.Debug|x86.Build.0 = Debug|Win32
		{FD62AA64-8255-4EB4-828F-3F2C7DFC3719}.Release|x64.ActiveCfg = Release|x64
		{FD62AA64-8255-4EB4-828F-3F2C7DFC3719}.Release|x64.Build.0 = Release|x64
		{FD62AA64-8255-4EB4-828F-3F2C7DFC3719}.Release|x86.ActiveCfg = Release|Win32
		{FD62AA64-8255-4EB4-828F-3F2C7DFC3719}.Release|x86.Build.0 = Release|Win32
		{7C9F4411-F3F4-41F5-ACD2-59CFE16B65D8}.Debug|x64.ActiveCfg = Debug|x64
		{7C9F4411-F3F4-41F5-ACD2-59CFE16B65D8}.Debug|x64.Build.0 = Debug|x64
		{7C9F4411-F3F4-41F5-ACD2-59CFE16B65D8}.Debug|x86.ActiveCfg = Debug|Win32
		{7C9F4411-F3F4-41F5-ACD2-59CFE16B65D8}.Debug|x86.Build.0 = Debug|Win32
		{7C9F4411-F3F4-41F5-ACD2-59CFE16B65D8}.Release|x64.ActiveCfg = Release|x64
		{7C9F4411-F3F4-41F5-ACD2-59CFE16B65D8}.Release|x64.Build.0 = Release|x64
		{7C9F4411-F3F4-41F5-ACD2-59CFE16B65D8}.Release|x86.ActiveCfg = Release|Win32
		{7C9F4411-F3F4-41F5-ACD2-59CFE16B65D8}.Release|x86.Build.0 = Release|Win32
		{0ADDEDC3-27D1-48CF-BF60-5053EAD3FD6A}.Debug|x64.ActiveCfg = Debug|x64
		{0ADDEDC3-27D1-48CF-BF60-5053EAD3FD6A}.Debug|x64.Build.0 = Debug|x64
		{0ADDEDC3-27D1-48CF-BF60-5053EAD3FD6A}.Debug|x86.ActiveCfg = Debug|Win32
		{0ADDEDC3-27D1-48CF-BF60-5053EAD3FD6A}.Debug|x86.Build.0 = Debug|Win32
		{0ADDEDC3-27D1-48CF-BF60-5053EAD3FD6A}.Release|x64.ActiveCfg = Release|x64
		{0ADDEDC3-27D1-48CF-BF60-5053EAD3FD6A}.Release|x64.Build.0 = Release|x64
		{0ADDEDC3-27D1-48CF-BF60-5053EAD3FD6A}.Release|x86.ActiveCfg = Release|Win32
		{0ADDEDC3-27D1-48CF-BF60-5053EAD3FD6A}.Release|x86.Build.0 = Release|Win32
		{F66969E5-D511-4AF2-98C1-66FFF80C4DA6}.Debug|x64.ActiveCfg = Debug|x64
		{F66969E5-D511-4AF2-98C1-66FFF80C4DA6}.Debug|x64.Build.0 = Debug|x64
		{F66969E5-D511-4AF2-98C1-66FFF80C4DA6}.Debug|x86.ActiveCfg = Debug|Win32
		{F66969E5-D511-4AF2-98C1-66FFF80C4DA6}.Debug|x86.Build.0 = Debug|Win32
		{F66969E5-D511-4AF2-98C1-66FFF80C4DA6}.Release|x64.ActiveCfg = Release|x64
		{F66969E5-D511-4AF2-98C1-66FFF80C4DA6}.Release|x64.Build.0 = Release|x64
		{F66969E5-D511-4AF2-98C1-66FFF80C4DA6}.Release|x86.ActiveCfg = Release|Win32
		{F66969E5-D511-4AF2-98C1-66FFF80C4DA6}.Release|x86.Build.0 = Release|Win32
		{33A7BC3F-5B41-4F44-8100-F86BDE80A339}.Debug|x64.ActiveCfg = Debug|x64
		{33A7BC3F-5B41-4F44-8100-F86BDE80A339}.Debug|x64.Build.0 = Debug|x64
		{33A7BC3F-5B41-4F44-8100-F86BDE80A339}.Debug|x86.ActiveCfg = Debug|Win32
		{33A7BC3F-5B41-4F44-8100-F86BDE80A339}.Debug|x86.Build.0 = Debug|Win32
		{33A7BC3F-5B41-4F44-8100-F86BDE80A339}.Release|x64.ActiveCfg = Release|x64
		{33A7BC3F-5B41-4F44-8100-F86BDE80A339}.Release|x64.Build.0 = Release|x64
		{33A7BC3F-5B41-4F44-8100-F86BDE80A339}.Release|x86.ActiveCfg = Release|Win32
		{33A7BC3F-5B41-4F44-8100-F86BDE80A339}.Release|x86.Build.0 = Release|Win32
		{A5C44EDA-8711-4B30-8E28-AD6086D49E39}.Debug|x64.ActiveCfg = Debug|x64
		{A5C44EDA-8711-4B30-8E28-AD6086D49E39}.Debug|x64.Build.0 = Debug|x64
		{A5C44EDA-8711-4B30-8E28-AD6086D49E39}.Debug|x86.ActiveCfg = Debug|Win32
		{A5C44EDA-8711-4B30-8E28-AD6086D49E39}.Debug|x86.Build.0 = Debug|Win32
		{A5C44EDA-8711-4B30-8E28-AD6086D49E39}.Release|x64.ActiveCfg = Release|x64
		{A5C44EDA-8711-4B30-8E28-AD6086D49E39}.Release|x64.Build.0 = Release|x64
		{A5C44EDA-8711-4B30-8E28-AD6086D49E39}.Release|x86.ActiveCfg = Release|Win32
		{A5C44EDA-8711-4B30-8E28-AD6086D49E39}.Release|x86.Build.0 = Release|Win32
		{8B89D3D6-DC63-43F7-B643-5C3A83A938F3}.Debug|x64.ActiveCfg = Debug|x64
		{8B89D3D6-DC63-43F7-B643-5C3A83A938F3}.Debug|x64.Build.0 = Debug|x64
		{8B89D3D6-DC63-43F7-B643-5C3A83A938F3}.Debug|x86.ActiveCfg = Debug|Win32
		{8B89D3D6-DC63-43F7-B643-5C3A83A938F3}.Debug|x86.Build.0 = Debug|Win32
		{8B89D3D6-DC63-43F7-B643-5C3A83A938F3}.Release|x64.ActiveCfg = Release|x64
		{8B89D3D6-DC63-43F7-B643-5C3A83A938F3}.Release|x64.Build.0 = Release|x64
		{8B89D3D6-DC63-43F7-B643-5C3A83A938F3}.Release|x86.ActiveCfg = Release|Win32
		{8B89D3D6-DC63-43F7-B643-5C3A83A938F3}.Release|x86.Build.0 = Release|Win32
		{E5DDF12F-D251-4BB8-8922-D886CF76CE07}.Debug|x64.ActiveCfg = Debug|x64
		{E5DDF12F-D251-4BB8-8922-D886CF76CE07}.Debug|x64.Build.0 = Debug|x64
		{E5DDF12F-D251-4BB8-8922-D886CF76CE07}.Debug|x86.ActiveCfg = Debug|Win32
		{E5DDF12F-D251-4BB8-8922-D886CF76CE07}.Debug|x86.Build.0 = Debug|Win32
		{E5DDF12F-D251-4BB8-8922-D886CF76CE07}.Release|x64.ActiveCfg = Release|x64
		{E5DDF12F-D251-4BB8-8922-D886CF76CE07}.Release|x64.Build.0 = Release|x64
		{E5DDF12F-D251-4BB8-8922-D886CF76CE07}.Release|x86.ActiveCfg = Release|Win32
		{E5DDF12F-D251-4BB8-8922-D886CF76CE07}.Release|x86.Build.0 = Release|Win32
		{B85D4CDC-BE97-4C2C-BBFD-FC8FDBB3762D}.Debug|x64.ActiveCfg = Debug|x64
		{B85D4CDC-BE97-4C2C-BBFD-FC8FDBB3762D}.Debug|x64.Build.0 = Debug|x64
		{B85D4CDC-BE97-4C2C-BBFD-FC8FDBB3762D}.Debug|x86.ActiveCfg = Debug|Win32
		{B85D4CDC-BE97-4C2C-BBFD-FC8FDBB3762D}.Debug|x86.Build.0 = Debug|Win32
		{B85D4CDC-BE97-4C2C-BBFD-FC8FDBB3762D}.Release|x64.ActiveCfg = Release|x64
		{B85D4CDC-BE97-4C2C-BBFD-FC8FDBB3762D}.Release|x64.Build.0 = Release|x64
		{B85D4CDC-BE97-4C2C-BBFD-FC8FDBB3762D}.Release|x86.ActiveCfg = Release|Win32
		{B85D4CDC-BE97-4C2C-BBFD-FC8FDBB3762D}.Release|x86.Build.0 = Release|Win32
		{33DF290D-D614-4BAF-A139-CD66A0B3BBA2}.Debug|x64.ActiveCfg = Debug|x64
		{33DF290D-D614-4BAF-A139-CD66A0B3BBA2}.Debug|x64.Build.0 = Debug|x64
		{33DF290D-D614-4BAF-A139-CD66A0B3BBA2}.Debug|x86.ActiveCfg = Debug|Win32
		{33DF290D-D614-4BAF-A139-CD66A0B3BBA2}.Debug|x86.Build.0 = Debug|Win32
		{33DF290D-D614-4BAF-A139-CD66A0B3BBA2}.Release|x64.ActiveCfg = Release|x64
		{33DF290D-D614-4BAF-A139-CD66A0B3BBA2}.Release|x64.Build.0 = Release|x64
		{33DF290D-D614-4BAF-A139-CD66A0B3BBA2}.Release|x86.ActiveCfg = Release|Win32
		{33DF290D-D614-4BAF-A139-CD66A0B3BBA2}.Release|x86.Build.0 = Release|Win32
		{277B59E2-0C3E-472B-ABED-1D918F0B0D9C}.Debug|x64.ActiveCfg = Debug|x64
		{277B59E2-0C3E-472B-ABED-1D918F0B0D9C}.Debug|x64.Build.0 = Debug|x64
		{277B59E2-0C3E-472B-ABED-1D918F0B0D9C}.Debug|x86.ActiveCfg = Debug|Win32
		{277B59E2-0C3E-472B-ABED-1D918F0B0D9C}.Debug|x86.Build.0 = Debug|Win32
		{277B59E2-0C3E-472B-ABED-1D918F0B0D9C}.Release|x64.ActiveCfg = Release|x64
		{277B59E2-0C3E-472B-ABED-1D918F0B0D9C}.Release|x64.Build.0 = Release|x64
		{277B59E2-0C3E-472B-ABED-1D918F0B0D9C}.Release|x86.ActiveCfg = Release|Win32
		{277B59E2-0C3E-472B-ABED-1D918F0B0D9C}.Release|x86.Build.0 = Release|Win32
		{4C34AC97-DC5E-42D6-A509-EC31BD7546DE}.Debug|x64.ActiveCfg = Debug|x64
		{4C34AC97-DC5E-42D6-A509-EC31BD7546DE}.Debug|x64.Build.0 = Debug|x64
		{4C34AC97-DC5E-42D6-A509-EC31BD7546DE}.Debug|x86.ActiveCfg = Debug|Win32
		{4C34AC97-DC5E-42D6-A509-EC31BD7546DE}.Debug|x86.Build.0 = Debug|Win32
		{4C34AC97-DC5E-42D6-A509-EC31BD7546DE}.Release|x64.ActiveCfg = Release|x64
		{4C34AC97-DC5E-42D6-A509-EC31BD7546DE}.Release|x64.Build.0 = Release|x64
		{4C34AC97-DC5E-42D6-A509-EC31BD7546DE}.Release|x86.ActiveCfg = Release|Win32
		{4C34AC97-DC5E-42D6-A509-EC31BD7546DE}.Release|x86.Build.0 = Release|Win32
		{255DD4D7-8851-4D7D-A92D-8F3C483BD753}.Debug|x64.ActiveCfg = Debug|x64
		{255DD4D7-8851-4D7D-A92D-8F3C483BD753}.Debug|x64.Build.0 = Debug|x64
		{255DD4D7-8851-4D7D-A92D-8F3C483BD753}.Debug|x86.ActiveCfg = Debug|Win32
		{255DD4D7-8851-4D7D-A92D-8F3C483BD753}.Debug|x86.Build.0 = Debug|Win32
		{255DD4D7-8851-4D7D-A92D-8F3C483BD753}.Release|x64.ActiveCfg = Release|x64
		{255DD4D7-8851-4D7D-A92D-8F3C483BD753}.Release|x64.Build.0 = Release|x64
		{255DD4D7-8851-4D7D-A92D-8F3C483BD753}.Release|x86.ActiveCfg = Release|Win32
		{255DD4D7-8851-4D7D-A92D-8F3C483BD753}.Release|x86.Build.0 = Release|Win32
		{53A360A1-D804-4515-ADC5-828C84BC6088}.Debug|x64.ActiveCfg = Debug|x64
		{53A360A1-D804-4515-ADC5-828C84BC6088}.Debug|x64.Build.0 = Debug|x64
		{53A360A1-D804-4515-ADC5-828C84BC6088}.Debug|x86.ActiveCfg = Debug|Win32
		{53A360A1-D804-4515-ADC5-828C84BC6088}.Debug|x86.Build.0 = Debug|Win32
		{53A360A1-D804-4515-ADC5-828C84BC6088}.Release|x64.ActiveCfg = Release|x64
		{53A360A1-D804-4515-ADC5-828C84BC6088}.Release|x64.Build.0 = Release|x64
		{53A360A1-D804-4515-ADC5-828C84BC6088}.Release|x86.ActiveCfg = Release|Win32
		{53A360A1-D804-4515-ADC5-828C84BC6088}.Release|x86.Build.0 = Release|Win32
		{115F968E-153C-4E0B-97FE-666ABA0B17D2}.Debug|x64.ActiveCfg = Debug|x64
		{115F968E-153C-4E0B-97FE-666ABA0B17D2}.Debug|x64.Build.0 = Debug|x64
		{115F968E-153C-4E0B-97FE-666ABA0B17D2}.Debug|x86.ActiveCfg = Debug|Win32
		{115F968E-153C-4E0B-97FE-666ABA0B17D2}.Debug|x86.Build.0 = Debug|Win32
		{115F968E-153C-4E0B-97FE-666ABA0B17D2}.Release|x64.ActiveCfg = Release|x64
		{115F968E-153C-4E0B-97FE-666ABA0B17D2}.Release|x64.Build.0 = Release|x64
		{115F968E-153C-4E0B-97FE-666ABA0B17D2}.Release|x86.ActiveCfg = Release|Win32
		{115F968E-153C-4E0B-97FE-666ABA0B17D2}.Release|x86.Build.0 = Release|Win32
		{668720B5-E92F-415C-ACA4-E0406955C261}.Debug|x64.ActiveCfg = Debug|x64
		{668720B5-E92F-415C-ACA4-E0406955C261}.Debug|x64.Build.0 = Debug|x64
		{668720B5-E92F-415C-ACA4-E0406955C261}.Debug|x86.ActiveCfg = Debug|Win32
		{668720B5-E92F-415C-ACA4-E0406955C261}.Debug|x86.Build.0 = Debug|Win32
		{668720B5-E92F-415C-ACA4-E0406955C261}.Release|x64.ActiveCfg = Release|x64
		{668720B5-E92F-415C-ACA4-E0406955C261}.Release|x64.Build.0 = Release|x64
		{668720B5-E92F-415C-ACA4-E0406955C261}.Release|x86.ActiveCfg = Release|Win32
		{668720B5-E92F-415C-ACA4-E0406955C261}.Release|x86.Build.0 = Release|Win32
		{F7C10285-3079-4B0A-8BA7-37494A5BC5F8}.Debug|x64.ActiveCfg = Debug|x64
		{F7C10285-3079-4B0A-8BA7-37494A5BC5F8}.Debug|x64.Build.0 = Debug|x64
		{F7C10285-3079-4B0A-8BA7-37494A5BC5F8}.Debug|x86.ActiveCfg = Debug|Win32
		{F7C10285-3079-4B0A-8BA7-37494A5BC5F8}.Debug|x86.Build.0 = Debug|Win32
		{F7C10285-3079-4B0A-8BA7-37494A5BC5F8}.Release|x64.ActiveCfg = Release|x64
		{F7C10285-3079-4B0A-8BA7-37494A5BC5F8}.Release|x64.Build.0 = Release|x64
		{F7C10285-3079-4B0A-8BA7-37494A5BC5F8}.Release|x86.ActiveCfg = Release|Win32
		{F7C10285-3079-4B0A-8BA7-37494A5BC5F8}.Release|x86.Build.0 = Release|Win32
		{C4F8BC91-318D-4308-9302-B51C22D320C6}.Debug|x64.ActiveCfg = Debug|x64
		{C4F8BC91-318D-4308-9302-B51C22D320C6}.Debug|x64.Build.0 = Debug|x64
		{C4F8BC91-318D-4308-9302-B51C22D320C6}.Debug|x86.ActiveCfg = Debug|Win32
		{C4F8BC91-318D-4308-9302-B51C22D320C6}.Debug|x86.Build.0 = Debug|Win32
		{C4F8BC91-318D-4308-9302-B51C22D320C6}.Release|x64.ActiveCfg = Release|x64
		{C4F8BC91-318D-4308-9302-B51C22D320C6}.Release|x64.Build.0 = Release|x64
		{C4F8BC91-318D-4308-9302-B51C22D320C6}.Release|x86.ActiveCfg = Release|Win32
		{C4F8BC91-318D-4308-9302-B51C22D320C6}.Release|x86.Build.0 = Release|Win32
		{F4466C57-9F43-4565-9F0B-96DAE2E8A532}.Debug|x64.ActiveCfg = Debug|x64
		{F4466C57-9F43-4565-9F0B-96DAE2E8A532}.Debug|x64.Build.0 = Debug|x64
		{F4466C57-9F43-4565-9F0B-96DAE2E8A532}.Debug|x86.ActiveCfg = Debug|Win32
		{F4466C57-9F43-4565-9F0B-96DAE2E8A532}.Debug|x86.Build.0 = Debug|Win32
		{F4466C57-9F43-4565-9F0B-96DAE2E8A532}.Release|x64.ActiveCfg = Release|x64
		{F4466C57-9F43-4565-9F0B-96DAE2E8A532}.Release|x64.Build.0 = Release|x64
		{F4466C57-9F43-4565-9F0B-96DAE2E8A532}.Release|x86.ActiveCfg = Release|Win32
		{F4466C57-9F43-4565-9F0B-96DAE2E8A532}.Release|x86.Build.0 = Release|Win32
		{8A26AF91-E553-47C7-870C-1C13BED98064}.Debug|x64.ActiveCfg = Debug|x64
		{8A26AF91-E553-47C7-870C-1C13BED98064}.Debug|x64.Build.0 = Debug|x64
		{8A26AF91-E553-47C7-870C-1C13BED98064}.Debug|x86.ActiveCfg = Debug|Win32
		{8A26AF91-E553-47C7-870C-1C13BED98064}.Debug|x86.Build.0 = Debug|Win32
		{8A26AF91-E553-47C7-870C-1C13BED98064}.Release|x64.ActiveCfg = Release|x64
		{8A26AF91-E553-47C7-870C-1C13BED98064}.Release|x64.Build.0 = Release|x64
		{8A26AF91-E553-47C7-870C-1C13BED98064}.Release|x86.ActiveCfg = Release|Win32
		{8A26AF91-E553-47C7-870C-1C13BED98064}.Release|x86.Build.0 = Release|Win32
		{277930D5-30E9-4558-9E1A-5FC62C105C74}.Debug|x64.ActiveCfg = Debug|x64
		{277930D5-30E9-4558-9E1A-5FC62C105C74}.Debug|x64.Build.0 = Debug|x64
		{277930D5-30E9-4558-9E1A-5FC62C105C74}.Debug|x86.ActiveCfg = Debug|Win32
		{277930D5-30E9-4558-9E1A-5FC62C105C74}.Debug|x86.Build.0 = Debug|Win32
		{277930D5-30E9-4558-9E1A-5FC62C105C74}.Release|x64.ActiveCfg = Release|x64
		{277930D5-30E9-4558-9E1A-5FC62C105C74}.Release|x64.Build.0 = Release|x64
		{277930D5-30E9-4558-9E1A-5FC62C105C74}.Release|x86.ActiveCfg = Release|Win32
		{277930D5-30E9-4558-9E1A-5FC62C105C74}.Release|x86.Build.0 = Release|Win32
		{67F0C861-FCA2-44C1-B703-53A2B36ECA3B}.Debug|x64.ActiveCfg = Debug|x64
		{67F0C861-FCA2-44C1-B703-53A2B36ECA3B}.Debug|x64.Build.0 = Debug|x64
		{67F0C861-FCA2-44C1-B703-53A2B36ECA3B}.Debug|x86.ActiveCfg = Debug|Win32
		{67F0C861-FCA2-44C1-B703-53A2B36ECA3B}.Debug|x86.Build.0 = Debug|Win32
		{67F0C861-FCA2-44C1-B703-53A2B36ECA3B}.Release|x64.ActiveCfg = Release|x64
		{67F0C861-FCA2-44C1-B703-53A2B36ECA3B}.Release|x64.Build.0 = Release|x64
		{67F0C861-FCA2-44C1-B703-53A2B36ECA3B}.Release|x86.ActiveCfg = Release|Win32
		{67F0C861-FCA2-44C1-B703-53A2B36ECA3B}.Release|x86.Build.0 = Release|Win32
		{CB6D9E30-FFD0-458D-A3A3-3C4B4474E104}.Debug|x64.ActiveCfg = Debug|x64
		{CB6D9E30-FFD0-458D-A3A3-3C4B4474E104}.Debug|x64.Build.0 = Debug|x64
		{CB6D9E30-FFD0-458D-A3A3-3C4B4474E104}.Debug|x86.ActiveCfg = Debug|Win32
		{CB6D9E30-FFD0-458D-A3A3-3C4B4474E104}.Debug|x86.Build.0 = Debug|Win32
		{CB6D9E30-FFD0-458D-A3A3-3C4B4474E104}.Release|x64.ActiveCfg = Release|x64
		{CB6D9E30-FFD0-458D-A3A3-3C4B4474E104}.Release|x64.Build.0 = Release|x64
		{CB6D9E30-FFD0-458D-A3A3-3C4B4474E104}.Release|x86.ActiveCfg = Release|Win32
		{CB6D9E30-FFD0-458D-A3A3-3C4B4474E104}.Release|x86.Build.0 = Release|Win32
		{8D10699E-C76B-4BA4-BF93-5783076C8943}.Debug|x64.ActiveCfg = Debug|x64
		{8D10699E-C76B-4BA4-BF93-5783076C8943}.Debug|x64.Build.0 = Debug|x64
		{8D10699E-C76B-4BA4-BF93-5783076C8943}.Debug|x86.ActiveCfg = Debug|Win32
		{8D10699E-C76B-4BA4-BF93-5783076C8943}.Debug|x86.Build.0 = Debug|Win32
		{8D10699E-C76B-4BA4-BF93-5783076C8943}.Release|x64.ActiveCfg = Release|x64
		{8D10699E-C76B-4BA4-BF93-5783076C8943}.Release|x64.Build.0 = Release|x64
		{8D10699E-C76B-4BA4-BF93-5783076C8943}.Release|x86.ActiveCfg = Release|Win32
		{8D10699E-C76B-4BA4-BF93-5783076C8943}.Release|x86.Build.0 = Release|Win32
		{052435E1-7969-4143-88C6-92BCDA00FF00}.Debug|x64.ActiveCfg = Debug|x64
		{052435E1-7969-4143-88C6-92BCDA00FF00}.Debug|x64.Build.0 = Debug|x64
		{052435E1-7969-4143-88C6-92BCDA00FF00}.Debug|x86.ActiveCfg = Debug|Win32
		{052435E1-7969-4143-88C6-92BCDA00FF00}.Debug|x86.Build.0 = Debug|Win32
		{052435E1-7969-4143-88C6-92BCDA00FF00}.Release|x64.ActiveCfg = Release|x64
		{052435E1-7969-4143-88C6-92BCDA00FF00}.Release|x64.Build.0 = Release|x64
		{052435E1-7969-4143-88C6-92BCDA00FF00}.Release|x86.ActiveCfg = Release|Win32
		{052435E1-7969-4143-88C6-92BCDA00FF00}.Release|x86.Build.0 = Release|Win32
		{27A1A111-6997-4A46-9A28-B2F309F4D7AB}.Debug|x64.ActiveCfg = Debug|x64
		{27A1A111-6997-4A46-9A28-B2F309F4D7AB}.Debug|x64.Build.0 = Debug|x64
		{27A1A111-6997-4A46-9A28-B2F309F4D7AB}.Debug|x86.ActiveCfg = Debug|Win32
		{27A1A111-6997-4A46-9A28-B2F309F4D7AB}.Debug|x86.Build.0 = Debug|Win32
		{27A1A111-6997-4A46-9A28-B2F309F4D7AB}.Release|x64.ActiveCfg = Release|x64
		{27A1A111-6997-4A46-9A28-B2F309F4D7AB}.Release|x64.Build.0 = Release|x64
		{27A1A111-6997-4A46-9A28-B2F309F4D7AB}.Release|x86.ActiveCfg = Release|Win32
		{27A1A111-6997-4A46-9A28-B2F309F4D7AB}.Release|x86.Build.0 = Release|Win32
		{B9957185-AA64-41BF-B96F-B922F7E20B94}.Debug|x64.ActiveCfg = Debug|x64
		{B9957185-AA64-41BF-B96F-B922F7E20B94}.Debug|x64.Build.0 = Debug|x64
		{B9957185-AA64-41BF-B96F-B922F7E20B94}.Debug|x86.ActiveCfg = Debug|Win32
		{B9957185-AA64-41BF-B96F-B922F7E20B94}.Debug|x86.Build.0 = Debug|Win32
		{B9957185-AA64-41BF-B96F-B922F7E20B94}.Release|x64.ActiveCfg = Release|x64
		{B9957185-AA64-41BF-B96F-B922F7E20B94}.Release|x64.Build.0 = Release|x64
		{B9957185-AA64-41BF-B96F-B922F7E20B94}.Release|x86.ActiveCfg = Release|Win32
		{B9957185-AA64-41BF-B96F-B922F7E20B94}.Release|x86.Build.0 = Release|Win32
		{93A98952-7363-4727-AE43-D6375048A4E5}.Debug|x64.ActiveCfg = Debug|x64
		{93A98952-7363-4727-AE43-D6375048A4E5}.Debug|x64.Build.0 = Debug|x64
		{93A98952-7363-4727-AE43-D6375048A4E5}.Debug|x86.ActiveCfg = Debug|Win32
		{93A98952-7363-4727-AE43-D6375048A4E5}.Debug|x86.Build.0 = Debug|Win32
		{93A98952-7363-4727-AE43-D6375048A4E5}.Release|x64.ActiveCfg = Release|x64
		{93A98952-7363-4727-AE43-D6375048A4E5}.Release|x64.Build.0 = Release|x64
		{93A98952-7363-4727-AE43-D6375048A4E5}.Release|x86.ActiveCfg = Release|Win32
		{93A98952-7363-4727-AE43-D6375048A4E5}.Release|x86.Build.0 = Release|Win32
		{0022108A-6906-4EE2-88AA-D45056E69450}.Debug|x64.ActiveCfg = Debug|x64
		{0022108A-6906-4EE2-88AA-D45056E69450}.Debug|x64.Build.0 = Debug|x64
		{0022108A-6906-4EE2-88AA-D45056E69450}.Debug|x86.ActiveCfg = Debug|Win32
		{0022108A-6906-4EE2-88AA-D45056E69450}.Debug|x86.Build.0 = Debug|Win32
		{0022108A-6906-4EE2-88AA-D45056E69450}.Release|x64.ActiveCfg = Release|x64
		{0022108A-6906-4EE2-88AA-D45056E69450}.Release|x64.Build.0 = Release|x64
		{0022108A-6906-4EE2-88AA-D45056E69450}.Release|x86.ActiveCfg = Release|Win32
		{0022108A-6906-4EE2-88AA-D45056E69450}.Release|x86.Build.0 = Release|Win32
		{0710480F-7028-460B-90D4-351D87102678}.Debug|x64.ActiveCfg = Debug|x64
		{0710480F-7028-460B-90D4-351D87102678}.Debug|x64.Build.0 = Debug|x64
		{0710480F-7028-460B-90D4-351D87102678}.Debug|x86.ActiveCfg = Debug|Win32
		{0710480F-7028-460B-90D4-351D87102678}.Debug|x86.Build.0 = Debug|Win32
		{0710480F-7028-460B-90D4-351D87102678}.Release|x64.ActiveCfg = Release|x64
		{0710480F-7028-460B-90D4-351D87102678}.Release|x64.Build.0 = Release|x64
		{0710480F-7028-460B-90D4-351D87102678}.Release|x86.ActiveCfg = Release|Win32
		{0710480F-7028-460B-90D4-351D87102678}.Release|x86.Build.0 = Release|Win32
	EndGlobalSection
	GlobalSection(SolutionProperties) = preSolution
		HideSolutionNode = FALSE
	EndGlobalSection
	GlobalSection(ExtensibilityGlobals) = postSolution
		SolutionGuid = {3EE9FC14-F3AF-42A4-82B4-8CD79FCE38FC}
	EndGlobalSection
EndGlobal
